
Microsoft Visual Studio Solution File, Format Version 12.00
# Visual Studio Version 17
VisualStudioVersion = 17.7.34031.279
MinimumVisualStudioVersion = 10.0.40219.1
Project("{9A19103F-16F7-4668-BE54-9A1E7A4F7556}") = "ShopTFTEC.API", "ShopTFTEC.API\ShopTFTEC.API.csproj", "{5B25E0D1-3A25-4DBF-8C3F-DDBBBB9A0F55}"
EndProject
Project("{9A19103F-16F7-4668-BE54-9A1E7A4F7556}") = "ShopTFTEC.WebApp", "ShopTFTEC.WebApp\ShopTFTEC.WebApp.csproj", "{CD77CB02-B8E8-4793-8A54-9F498A7F2BBE}"
EndProject
Global
	GlobalSection(SolutionConfigurationPlatforms) = preSolution
		Debug|Any CPU = Debug|Any CPU
		Release|Any CPU = Release|Any CPU
	EndGlobalSection
	GlobalSection(ProjectConfigurationPlatforms) = postSolution
		{5B25E0D1-3A25-4DBF-8C3F-DDBBBB9A0F55}.Debug|Any CPU.ActiveCfg = Debug|Any CPU
		{5B25E0D1-3A25-4DBF-8C3F-DDBBBB9A0F55}.Debug|Any CPU.Build.0 = Debug|Any CPU
		{5B25E0D1-3A25-4DBF-8C3F-DDBBBB9A0F55}.Release|Any CPU.ActiveCfg = Release|Any CPU
		{5B25E0D1-3A25-4DBF-8C3F-DDBBBB9A0F55}.Release|Any CPU.Build.0 = Release|Any CPU
		{CD77CB02-B8E8-4793-8A54-9F498A7F2BBE}.Debug|Any CPU.ActiveCfg = Debug|Any CPU
		{CD77CB02-B8E8-4793-8A54-9F498A7F2BBE}.Debug|Any CPU.Build.0 = Debug|Any CPU
		{CD77CB02-B8E8-4793-8A54-9F498A7F2BBE}.Release|Any CPU.ActiveCfg = Release|Any CPU
		{CD77CB02-B8E8-4793-8A54-9F498A7F2BBE}.Release|Any CPU.Build.0 = Release|Any CPU
	EndGlobalSection
	GlobalSection(SolutionProperties) = preSolution
		HideSolutionNode = FALSE
	EndGlobalSection
	GlobalSection(ExtensibilityGlobals) = postSolution
		SolutionGuid = {2279A890-67BD-42DE-BA61-A9139E691EBA}
	EndGlobalSection
EndGlobal
